
Microsoft Visual Studio Solution File, Format Version 12.00
# Visual Studio 15
VisualStudioVersion = 15.0.28010.2026
MinimumVisualStudioVersion = 10.0.40219.1
Project("{888888A0-9F3D-457C-B088-3A5042F75D52}") = "VierGewinnt", "VierGewinnt\VierGewinnt.pyproj", "{76A0F261-33A6-4B6B-9EA6-4451E534D7E8}"
EndProject
Global
	GlobalSection(SolutionConfigurationPlatforms) = preSolution
		Debug|Any CPU = Debug|Any CPU
		Release|Any CPU = Release|Any CPU
	EndGlobalSection
	GlobalSection(ProjectConfigurationPlatforms) = postSolution
		{76A0F261-33A6-4B6B-9EA6-4451E534D7E8}.Debug|Any CPU.ActiveCfg = Debug|Any CPU
		{76A0F261-33A6-4B6B-9EA6-4451E534D7E8}.Release|Any CPU.ActiveCfg = Release|Any CPU
	EndGlobalSection
	GlobalSection(SolutionProperties) = preSolution
		HideSolutionNode = FALSE
	EndGlobalSection
	GlobalSection(ExtensibilityGlobals) = postSolution
		SolutionGuid = {A6C56AE2-DC4E-42B7-8666-EB2ED8AA0FF2}
	EndGlobalSection
EndGlobal
